// !$*UTF8*$!
{
	archiveVersion = 1;
	classes = {
	};
	objectVersion = 56;
	objects = {

/* Begin PBXBuildFile section */
		E40710482A66D4CA007CC9F5 /* Fonts.swift in Sources */ = {isa = PBXBuildFile; fileRef = E40710472A66D4CA007CC9F5 /* Fonts.swift */; };
		E407104A2A66D51B007CC9F5 /* Rosarivo in Resources */ = {isa = PBXBuildFile; fileRef = E40710492A66D51B007CC9F5 /* Rosarivo */; };
		E4941F9D2A630BC700AAA6A4 /* Coffee_BrewApp.swift in Sources */ = {isa = PBXBuildFile; fileRef = E4941F9C2A630BC700AAA6A4 /* Coffee_BrewApp.swift */; };
		E4941F9F2A630BC700AAA6A4 /* ContentView.swift in Sources */ = {isa = PBXBuildFile; fileRef = E4941F9E2A630BC700AAA6A4 /* ContentView.swift */; };
		E4941FA12A630BC800AAA6A4 /* Assets.xcassets in Resources */ = {isa = PBXBuildFile; fileRef = E4941FA02A630BC800AAA6A4 /* Assets.xcassets */; };
		E4941FA52A630BC800AAA6A4 /* Preview Assets.xcassets in Resources */ = {isa = PBXBuildFile; fileRef = E4941FA42A630BC800AAA6A4 /* Preview Assets.xcassets */; };
		E4941FAD2A630FCB00AAA6A4 /* Resources.swift in Sources */ = {isa = PBXBuildFile; fileRef = E4941FAC2A630FCB00AAA6A4 /* Resources.swift */; };
		E4941FAF2A63100900AAA6A4 /* Color.swift in Sources */ = {isa = PBXBuildFile; fileRef = E4941FAE2A63100900AAA6A4 /* Color.swift */; };
		E4941FB82A6310C700AAA6A4 /* Colors.xcassets in Resources */ = {isa = PBXBuildFile; fileRef = E4941FB72A6310C700AAA6A4 /* Colors.xcassets */; };
		E4941FBA2A6310D200AAA6A4 /* Images.xcassets in Resources */ = {isa = PBXBuildFile; fileRef = E4941FB92A6310D200AAA6A4 /* Images.xcassets */; };
		E4941FBD2A63112100AAA6A4 /* AssetConvertable.swift in Sources */ = {isa = PBXBuildFile; fileRef = E4941FBC2A63112100AAA6A4 /* AssetConvertable.swift */; };
		E4941FC12A63113E00AAA6A4 /* ColorAsset.swift in Sources */ = {isa = PBXBuildFile; fileRef = E4941FC02A63113E00AAA6A4 /* ColorAsset.swift */; };
		E4941FC82A63151400AAA6A4 /* Home.swift in Sources */ = {isa = PBXBuildFile; fileRef = E4941FC72A63151400AAA6A4 /* Home.swift */; };
		E4941FCA2A63152C00AAA6A4 /* Cart.swift in Sources */ = {isa = PBXBuildFile; fileRef = E4941FC92A63152C00AAA6A4 /* Cart.swift */; };
		E4941FCC2A63153800AAA6A4 /* Description.swift in Sources */ = {isa = PBXBuildFile; fileRef = E4941FCB2A63153800AAA6A4 /* Description.swift */; };
		E4941FCE2A641C3C00AAA6A4 /* OatMilkCm.swift in Sources */ = {isa = PBXBuildFile; fileRef = E4941FCD2A641C3C00AAA6A4 /* OatMilkCm.swift */; };
		E4941FD02A64337B00AAA6A4 /* SoyMilkCm.swift in Sources */ = {isa = PBXBuildFile; fileRef = E4941FCF2A64337B00AAA6A4 /* SoyMilkCm.swift */; };
		E4941FD22A6433C900AAA6A4 /* AlmondMilkCm.swift in Sources */ = {isa = PBXBuildFile; fileRef = E4941FD12A6433C900AAA6A4 /* AlmondMilkCm.swift */; };
/* End PBXBuildFile section */

/* Begin PBXFileReference section */
		E40710472A66D4CA007CC9F5 /* Fonts.swift */ = {isa = PBXFileReference; lastKnownFileType = sourcecode.swift; path = Fonts.swift; sourceTree = "<group>"; };
		E40710492A66D51B007CC9F5 /* Rosarivo */ = {isa = PBXFileReference; lastKnownFileType = folder; path = Rosarivo; sourceTree = "<group>"; };
		E407104B2A66D68A007CC9F5 /* Coffee-Brew-Info.plist */ = {isa = PBXFileReference; lastKnownFileType = text.plist; path = "Coffee-Brew-Info.plist"; sourceTree = SOURCE_ROOT; };
		E4941F992A630BC700AAA6A4 /* Coffee Brew.app */ = {isa = PBXFileReference; explicitFileType = wrapper.application; includeInIndex = 0; path = "Coffee Brew.app"; sourceTree = BUILT_PRODUCTS_DIR; };
		E4941F9C2A630BC700AAA6A4 /* Coffee_BrewApp.swift */ = {isa = PBXFileReference; lastKnownFileType = sourcecode.swift; path = Coffee_BrewApp.swift; sourceTree = "<group>"; };
		E4941F9E2A630BC700AAA6A4 /* ContentView.swift */ = {isa = PBXFileReference; lastKnownFileType = sourcecode.swift; path = ContentView.swift; sourceTree = "<group>"; };
		E4941FA02A630BC800AAA6A4 /* Assets.xcassets */ = {isa = PBXFileReference; lastKnownFileType = folder.assetcatalog; path = Assets.xcassets; sourceTree = "<group>"; };
		E4941FA22A630BC800AAA6A4 /* Coffee_Brew.entitlements */ = {isa = PBXFileReference; lastKnownFileType = text.plist.entitlements; path = Coffee_Brew.entitlements; sourceTree = "<group>"; };
		E4941FA42A630BC800AAA6A4 /* Preview Assets.xcassets */ = {isa = PBXFileReference; lastKnownFileType = folder.assetcatalog; path = "Preview Assets.xcassets"; sourceTree = "<group>"; };
		E4941FAC2A630FCB00AAA6A4 /* Resources.swift */ = {isa = PBXFileReference; lastKnownFileType = sourcecode.swift; path = Resources.swift; sourceTree = "<group>"; };
		E4941FAE2A63100900AAA6A4 /* Color.swift */ = {isa = PBXFileReference; lastKnownFileType = sourcecode.swift; path = Color.swift; sourceTree = "<group>"; };
		E4941FB72A6310C700AAA6A4 /* Colors.xcassets */ = {isa = PBXFileReference; lastKnownFileType = folder.assetcatalog; path = Colors.xcassets; sourceTree = "<group>"; };
		E4941FB92A6310D200AAA6A4 /* Images.xcassets */ = {isa = PBXFileReference; lastKnownFileType = folder.assetcatalog; path = Images.xcassets; sourceTree = "<group>"; };
		E4941FBC2A63112100AAA6A4 /* AssetConvertable.swift */ = {isa = PBXFileReference; lastKnownFileType = sourcecode.swift; path = AssetConvertable.swift; sourceTree = "<group>"; };
		E4941FC02A63113E00AAA6A4 /* ColorAsset.swift */ = {isa = PBXFileReference; lastKnownFileType = sourcecode.swift; path = ColorAsset.swift; sourceTree = "<group>"; };
		E4941FC72A63151400AAA6A4 /* Home.swift */ = {isa = PBXFileReference; lastKnownFileType = sourcecode.swift; path = Home.swift; sourceTree = "<group>"; };
		E4941FC92A63152C00AAA6A4 /* Cart.swift */ = {isa = PBXFileReference; lastKnownFileType = sourcecode.swift; path = Cart.swift; sourceTree = "<group>"; };
		E4941FCB2A63153800AAA6A4 /* Description.swift */ = {isa = PBXFileReference; lastKnownFileType = sourcecode.swift; path = Description.swift; sourceTree = "<group>"; };
		E4941FCD2A641C3C00AAA6A4 /* OatMilkCm.swift */ = {isa = PBXFileReference; lastKnownFileType = sourcecode.swift; path = OatMilkCm.swift; sourceTree = "<group>"; };
		E4941FCF2A64337B00AAA6A4 /* SoyMilkCm.swift */ = {isa = PBXFileReference; lastKnownFileType = sourcecode.swift; path = SoyMilkCm.swift; sourceTree = "<group>"; };
		E4941FD12A6433C900AAA6A4 /* AlmondMilkCm.swift */ = {isa = PBXFileReference; lastKnownFileType = sourcecode.swift; path = AlmondMilkCm.swift; sourceTree = "<group>"; };
/* End PBXFileReference section */

/* Begin PBXFrameworksBuildPhase section */
		E4941F962A630BC700AAA6A4 /* Frameworks */ = {
			isa = PBXFrameworksBuildPhase;
			buildActionMask = 2147483647;
			files = (
			);
			runOnlyForDeploymentPostprocessing = 0;
		};
/* End PBXFrameworksBuildPhase section */

/* Begin PBXGroup section */
		E4941F902A630BC700AAA6A4 = {
			isa = PBXGroup;
			children = (
				E4941F9B2A630BC700AAA6A4 /* Coffee Brew */,
				E4941F9A2A630BC700AAA6A4 /* Products */,
			);
			sourceTree = "<group>";
		};
		E4941F9A2A630BC700AAA6A4 /* Products */ = {
			isa = PBXGroup;
			children = (
				E4941F992A630BC700AAA6A4 /* Coffee Brew.app */,
			);
			name = Products;
			sourceTree = "<group>";
		};
		E4941F9B2A630BC700AAA6A4 /* Coffee Brew */ = {
			isa = PBXGroup;
			children = (
				E407104B2A66D68A007CC9F5 /* Coffee-Brew-Info.plist */,
				E4941F9C2A630BC700AAA6A4 /* Coffee_BrewApp.swift */,
				E4941F9E2A630BC700AAA6A4 /* ContentView.swift */,
				E4941FBB2A6310EE00AAA6A4 /* Protocols */,
				E4941FAB2A630FB000AAA6A4 /* Extensions */,
				E4941FB02A63105F00AAA6A4 /* Resources */,
				E4941FC42A63145000AAA6A4 /* UI */,
				E4941FA02A630BC800AAA6A4 /* Assets.xcassets */,
				E4941FA22A630BC800AAA6A4 /* Coffee_Brew.entitlements */,
				E4941FA32A630BC800AAA6A4 /* Preview Content */,
			);
			path = "Coffee Brew";
			sourceTree = "<group>";
		};
		E4941FA32A630BC800AAA6A4 /* Preview Content */ = {
			isa = PBXGroup;
			children = (
				E4941FA42A630BC800AAA6A4 /* Preview Assets.xcassets */,
			);
			path = "Preview Content";
			sourceTree = "<group>";
		};
		E4941FAB2A630FB000AAA6A4 /* Extensions */ = {
			isa = PBXGroup;
			children = (
				E4941FAC2A630FCB00AAA6A4 /* Resources.swift */,
				E4941FAE2A63100900AAA6A4 /* Color.swift */,
			);
			path = Extensions;
			sourceTree = "<group>";
		};
		E4941FB02A63105F00AAA6A4 /* Resources */ = {
			isa = PBXGroup;
			children = (
				E4941FC22A63119200AAA6A4 /* Assets */,
				E4941FC32A63119F00AAA6A4 /* Fonts */,
			);
			path = Resources;
			sourceTree = "<group>";
		};
		E4941FBB2A6310EE00AAA6A4 /* Protocols */ = {
			isa = PBXGroup;
			children = (
				E4941FBC2A63112100AAA6A4 /* AssetConvertable.swift */,
				E4941FC02A63113E00AAA6A4 /* ColorAsset.swift */,
			);
			path = Protocols;
			sourceTree = "<group>";
		};
		E4941FC22A63119200AAA6A4 /* Assets */ = {
			isa = PBXGroup;
			children = (
				E4941FB92A6310D200AAA6A4 /* Images.xcassets */,
				E4941FB72A6310C700AAA6A4 /* Colors.xcassets */,
			);
			path = Assets;
			sourceTree = "<group>";
		};
		E4941FC32A63119F00AAA6A4 /* Fonts */ = {
			isa = PBXGroup;
			children = (
				E40710492A66D51B007CC9F5 /* Rosarivo */,
				E40710472A66D4CA007CC9F5 /* Fonts.swift */,
			);
			path = Fonts;
			sourceTree = "<group>";
		};
		E4941FC42A63145000AAA6A4 /* UI */ = {
			isa = PBXGroup;
			children = (
				E4941FC52A6314AB00AAA6A4 /* Views */,
				E4941FC62A6314B200AAA6A4 /* Components */,
			);
			path = UI;
			sourceTree = "<group>";
		};
		E4941FC52A6314AB00AAA6A4 /* Views */ = {
			isa = PBXGroup;
			children = (
				E4941FC72A63151400AAA6A4 /* Home.swift */,
				E4941FC92A63152C00AAA6A4 /* Cart.swift */,
				E4941FCB2A63153800AAA6A4 /* Description.swift */,
			);
			path = Views;
			sourceTree = "<group>";
		};
		E4941FC62A6314B200AAA6A4 /* Components */ = {
			isa = PBXGroup;
			children = (
				E4941FD32A64345400AAA6A4 /* Typeofmilk */,
			);
			path = Components;
			sourceTree = "<group>";
		};
		E4941FD32A64345400AAA6A4 /* Typeofmilk */ = {
			isa = PBXGroup;
			children = (
				E4941FCD2A641C3C00AAA6A4 /* OatMilkCm.swift */,
				E4941FCF2A64337B00AAA6A4 /* SoyMilkCm.swift */,
				E4941FD12A6433C900AAA6A4 /* AlmondMilkCm.swift */,
			);
			path = Typeofmilk;
			sourceTree = "<group>";
		};
/* End PBXGroup section */

/* Begin PBXNativeTarget section */
		E4941F982A630BC700AAA6A4 /* Coffee Brew */ = {
			isa = PBXNativeTarget;
			buildConfigurationList = E4941FA82A630BC800AAA6A4 /* Build configuration list for PBXNativeTarget "Coffee Brew" */;
			buildPhases = (
				E4941F952A630BC700AAA6A4 /* Sources */,
				E4941F962A630BC700AAA6A4 /* Frameworks */,
				E4941F972A630BC700AAA6A4 /* Resources */,
			);
			buildRules = (
			);
			dependencies = (
			);
			name = "Coffee Brew";
			productName = "Coffee Brew";
			productReference = E4941F992A630BC700AAA6A4 /* Coffee Brew.app */;
			productType = "com.apple.product-type.application";
		};
/* End PBXNativeTarget section */

/* Begin PBXProject section */
		E4941F912A630BC700AAA6A4 /* Project object */ = {
			isa = PBXProject;
			attributes = {
				BuildIndependentTargetsInParallel = 1;
				LastSwiftUpdateCheck = 1430;
				LastUpgradeCheck = 1430;
				TargetAttributes = {
					E4941F982A630BC700AAA6A4 = {
						CreatedOnToolsVersion = 14.3.1;
					};
				};
			};
			buildConfigurationList = E4941F942A630BC700AAA6A4 /* Build configuration list for PBXProject "Coffee Brew" */;
			compatibilityVersion = "Xcode 14.0";
			developmentRegion = en;
			hasScannedForEncodings = 0;
			knownRegions = (
				en,
				Base,
			);
			mainGroup = E4941F902A630BC700AAA6A4;
			productRefGroup = E4941F9A2A630BC700AAA6A4 /* Products */;
			projectDirPath = "";
			projectRoot = "";
			targets = (
				E4941F982A630BC700AAA6A4 /* Coffee Brew */,
			);
		};
/* End PBXProject section */

/* Begin PBXResourcesBuildPhase section */
		E4941F972A630BC700AAA6A4 /* Resources */ = {
			isa = PBXResourcesBuildPhase;
			buildActionMask = 2147483647;
			files = (
				E4941FB82A6310C700AAA6A4 /* Colors.xcassets in Resources */,
				E4941FBA2A6310D200AAA6A4 /* Images.xcassets in Resources */,
				E407104A2A66D51B007CC9F5 /* Rosarivo in Resources */,
				E4941FA52A630BC800AAA6A4 /* Preview Assets.xcassets in Resources */,
				E4941FA12A630BC800AAA6A4 /* Assets.xcassets in Resources */,
			);
			runOnlyForDeploymentPostprocessing = 0;
		};
/* End PBXResourcesBuildPhase section */

/* Begin PBXSourcesBuildPhase section */
		E4941F952A630BC700AAA6A4 /* Sources */ = {
			isa = PBXSourcesBuildPhase;
			buildActionMask = 2147483647;
			files = (
				E4941FCE2A641C3C00AAA6A4 /* OatMilkCm.swift in Sources */,
				E4941FAD2A630FCB00AAA6A4 /* Resources.swift in Sources */,
				E40710482A66D4CA007CC9F5 /* Fonts.swift in Sources */,
				E4941FAF2A63100900AAA6A4 /* Color.swift in Sources */,
				E4941FBD2A63112100AAA6A4 /* AssetConvertable.swift in Sources */,
				E4941FD22A6433C900AAA6A4 /* AlmondMilkCm.swift in Sources */,
				E4941F9F2A630BC700AAA6A4 /* ContentView.swift in Sources */,
				E4941FC12A63113E00AAA6A4 /* ColorAsset.swift in Sources */,
				E4941F9D2A630BC700AAA6A4 /* Coffee_BrewApp.swift in Sources */,
				E4941FCC2A63153800AAA6A4 /* Description.swift in Sources */,
				E4941FC82A63151400AAA6A4 /* Home.swift in Sources */,
				E4941FCA2A63152C00AAA6A4 /* Cart.swift in Sources */,
				E4941FD02A64337B00AAA6A4 /* SoyMilkCm.swift in Sources */,
			);
			runOnlyForDeploymentPostprocessing = 0;
		};
/* End PBXSourcesBuildPhase section */

/* Begin XCBuildConfiguration section */
		E4941FA62A630BC800AAA6A4 /* Debug */ = {
			isa = XCBuildConfiguration;
			buildSettings = {
				ALWAYS_SEARCH_USER_PATHS = NO;
				CLANG_ANALYZER_NONNULL = YES;
				CLANG_ANALYZER_NUMBER_OBJECT_CONVERSION = YES_AGGRESSIVE;
				CLANG_CXX_LANGUAGE_STANDARD = "gnu++20";
				CLANG_ENABLE_MODULES = YES;
				CLANG_ENABLE_OBJC_ARC = YES;
				CLANG_ENABLE_OBJC_WEAK = YES;
				CLANG_WARN_BLOCK_CAPTURE_AUTORELEASING = YES;
				CLANG_WARN_BOOL_CONVERSION = YES;
				CLANG_WARN_COMMA = YES;
				CLANG_WARN_CONSTANT_CONVERSION = YES;
				CLANG_WARN_DEPRECATED_OBJC_IMPLEMENTATIONS = YES;
				CLANG_WARN_DIRECT_OBJC_ISA_USAGE = YES_ERROR;
				CLANG_WARN_DOCUMENTATION_COMMENTS = YES;
				CLANG_WARN_EMPTY_BODY = YES;
				CLANG_WARN_ENUM_CONVERSION = YES;
				CLANG_WARN_INFINITE_RECURSION = YES;
				CLANG_WARN_INT_CONVERSION = YES;
				CLANG_WARN_NON_LITERAL_NULL_CONVERSION = YES;
				CLANG_WARN_OBJC_IMPLICIT_RETAIN_SELF = YES;
				CLANG_WARN_OBJC_LITERAL_CONVERSION = YES;
				CLANG_WARN_OBJC_ROOT_CLASS = YES_ERROR;
				CLANG_WARN_QUOTED_INCLUDE_IN_FRAMEWORK_HEADER = YES;
				CLANG_WARN_RANGE_LOOP_ANALYSIS = YES;
				CLANG_WARN_STRICT_PROTOTYPES = YES;
				CLANG_WARN_SUSPICIOUS_MOVE = YES;
				CLANG_WARN_UNGUARDED_AVAILABILITY = YES_AGGRESSIVE;
				CLANG_WARN_UNREACHABLE_CODE = YES;
				CLANG_WARN__DUPLICATE_METHOD_MATCH = YES;
				COPY_PHASE_STRIP = NO;
				DEBUG_INFORMATION_FORMAT = dwarf;
				ENABLE_STRICT_OBJC_MSGSEND = YES;
				ENABLE_TESTABILITY = YES;
				GCC_C_LANGUAGE_STANDARD = gnu11;
				GCC_DYNAMIC_NO_PIC = NO;
				GCC_NO_COMMON_BLOCKS = YES;
				GCC_OPTIMIZATION_LEVEL = 0;
				GCC_PREPROCESSOR_DEFINITIONS = (
					"DEBUG=1",
					"$(inherited)",
				);
				GCC_WARN_64_TO_32_BIT_CONVERSION = YES;
				GCC_WARN_ABOUT_RETURN_TYPE = YES_ERROR;
				GCC_WARN_UNDECLARED_SELECTOR = YES;
				GCC_WARN_UNINITIALIZED_AUTOS = YES_AGGRESSIVE;
				GCC_WARN_UNUSED_FUNCTION = YES;
				GCC_WARN_UNUSED_VARIABLE = YES;
				MTL_ENABLE_DEBUG_INFO = INCLUDE_SOURCE;
				MTL_FAST_MATH = YES;
				ONLY_ACTIVE_ARCH = YES;
				SWIFT_ACTIVE_COMPILATION_CONDITIONS = DEBUG;
				SWIFT_OPTIMIZATION_LEVEL = "-Onone";
			};
			name = Debug;
		};
		E4941FA72A630BC800AAA6A4 /* Release */ = {
			isa = XCBuildConfiguration;
			buildSettings = {
				ALWAYS_SEARCH_USER_PATHS = NO;
				CLANG_ANALYZER_NONNULL = YES;
				CLANG_ANALYZER_NUMBER_OBJECT_CONVERSION = YES_AGGRESSIVE;
				CLANG_CXX_LANGUAGE_STANDARD = "gnu++20";
				CLANG_ENABLE_MODULES = YES;
				CLANG_ENABLE_OBJC_ARC = YES;
				CLANG_ENABLE_OBJC_WEAK = YES;
				CLANG_WARN_BLOCK_CAPTURE_AUTORELEASING = YES;
				CLANG_WARN_BOOL_CONVERSION = YES;
				CLANG_WARN_COMMA = YES;
				CLANG_WARN_CONSTANT_CONVERSION = YES;
				CLANG_WARN_DEPRECATED_OBJC_IMPLEMENTATIONS = YES;
				CLANG_WARN_DIRECT_OBJC_ISA_USAGE = YES_ERROR;
				CLANG_WARN_DOCUMENTATION_COMMENTS = YES;
				CLANG_WARN_EMPTY_BODY = YES;
				CLANG_WARN_ENUM_CONVERSION = YES;
				CLANG_WARN_INFINITE_RECURSION = YES;
				CLANG_WARN_INT_CONVERSION = YES;
				CLANG_WARN_NON_LITERAL_NULL_CONVERSION = YES;
				CLANG_WARN_OBJC_IMPLICIT_RETAIN_SELF = YES;
				CLANG_WARN_OBJC_LITERAL_CONVERSION = YES;
				CLANG_WARN_OBJC_ROOT_CLASS = YES_ERROR;
				CLANG_WARN_QUOTED_INCLUDE_IN_FRAMEWORK_HEADER = YES;
				CLANG_WARN_RANGE_LOOP_ANALYSIS = YES;
				CLANG_WARN_STRICT_PROTOTYPES = YES;
				CLANG_WARN_SUSPICIOUS_MOVE = YES;
				CLANG_WARN_UNGUARDED_AVAILABILITY = YES_AGGRESSIVE;
				CLANG_WARN_UNREACHABLE_CODE = YES;
				CLANG_WARN__DUPLICATE_METHOD_MATCH = YES;
				COPY_PHASE_STRIP = NO;
				DEBUG_INFORMATION_FORMAT = "dwarf-with-dsym";
				ENABLE_NS_ASSERTIONS = NO;
				ENABLE_STRICT_OBJC_MSGSEND = YES;
				GCC_C_LANGUAGE_STANDARD = gnu11;
				GCC_NO_COMMON_BLOCKS = YES;
				GCC_WARN_64_TO_32_BIT_CONVERSION = YES;
				GCC_WARN_ABOUT_RETURN_TYPE = YES_ERROR;
				GCC_WARN_UNDECLARED_SELECTOR = YES;
				GCC_WARN_UNINITIALIZED_AUTOS = YES_AGGRESSIVE;
				GCC_WARN_UNUSED_FUNCTION = YES;
				GCC_WARN_UNUSED_VARIABLE = YES;
				MTL_ENABLE_DEBUG_INFO = NO;
				MTL_FAST_MATH = YES;
				SWIFT_COMPILATION_MODE = wholemodule;
				SWIFT_OPTIMIZATION_LEVEL = "-O";
			};
			name = Release;
		};
		E4941FA92A630BC800AAA6A4 /* Debug */ = {
			isa = XCBuildConfiguration;
			buildSettings = {
				ASSETCATALOG_COMPILER_APPICON_NAME = AppIcon;
				ASSETCATALOG_COMPILER_GLOBAL_ACCENT_COLOR_NAME = AccentColor;
				CODE_SIGN_ENTITLEMENTS = "Coffee Brew/Coffee_Brew.entitlements";
				CODE_SIGN_STYLE = Automatic;
				CURRENT_PROJECT_VERSION = 1;
				DEVELOPMENT_ASSET_PATHS = "\"Coffee Brew/Preview Content\"";
				DEVELOPMENT_TEAM = 748RM22H5Z;
				ENABLE_HARDENED_RUNTIME = YES;
				ENABLE_PREVIEWS = YES;
				GENERATE_INFOPLIST_FILE = YES;
				INFOPLIST_FILE = "Coffee-Brew-Info.plist";
				INFOPLIST_KEY_LSApplicationCategoryType = "";
				"INFOPLIST_KEY_UIApplicationSceneManifest_Generation[sdk=iphoneos*]" = YES;
				"INFOPLIST_KEY_UIApplicationSceneManifest_Generation[sdk=iphonesimulator*]" = YES;
				"INFOPLIST_KEY_UIApplicationSupportsIndirectInputEvents[sdk=iphoneos*]" = YES;
				"INFOPLIST_KEY_UIApplicationSupportsIndirectInputEvents[sdk=iphonesimulator*]" = YES;
				"INFOPLIST_KEY_UILaunchScreen_Generation[sdk=iphoneos*]" = YES;
				"INFOPLIST_KEY_UILaunchScreen_Generation[sdk=iphonesimulator*]" = YES;
				"INFOPLIST_KEY_UIStatusBarStyle[sdk=iphoneos*]" = UIStatusBarStyleDefault;
				"INFOPLIST_KEY_UIStatusBarStyle[sdk=iphonesimulator*]" = UIStatusBarStyleDefault;
				INFOPLIST_KEY_UISupportedInterfaceOrientations_iPad = "UIInterfaceOrientationPortrait UIInterfaceOrientationPortraitUpsideDown UIInterfaceOrientationLandscapeLeft UIInterfaceOrientationLandscapeRight";
				IPHONEOS_DEPLOYMENT_TARGET = 16.4;
				LD_RUNPATH_SEARCH_PATHS = "@executable_path/Frameworks";
				"LD_RUNPATH_SEARCH_PATHS[sdk=macosx*]" = "@executable_path/../Frameworks";
				MACOSX_DEPLOYMENT_TARGET = 13.3;
				MARKETING_VERSION = 1.0;
				PRODUCT_BUNDLE_IDENTIFIER = "EliId.Coffee-Brew";
				PRODUCT_NAME = "$(TARGET_NAME)";
				SDKROOT = auto;
				SUPPORTED_PLATFORMS = "iphoneos iphonesimulator macosx";
				SWIFT_EMIT_LOC_STRINGS = YES;
				SWIFT_VERSION = 5.0;
				TARGETED_DEVICE_FAMILY = "1,2";
			};
			name = Debug;
		};
		E4941FAA2A630BC800AAA6A4 /* Release */ = {
			isa = XCBuildConfiguration;
			buildSettings = {
				ASSETCATALOG_COMPILER_APPICON_NAME = AppIcon;
				ASSETCATALOG_COMPILER_GLOBAL_ACCENT_COLOR_NAME = AccentColor;
				CODE_SIGN_ENTITLEMENTS = "Coffee Brew/Coffee_Brew.entitlements";
				CODE_SIGN_STYLE = Automatic;
				CURRENT_PROJECT_VERSION = 1;
				DEVELOPMENT_ASSET_PATHS = "\"Coffee Brew/Preview Content\"";
				DEVELOPMENT_TEAM = 748RM22H5Z;
				ENABLE_HARDENED_RUNTIME = YES;
				ENABLE_PREVIEWS = YES;
				GENERATE_INFOPLIST_FILE = YES;
				INFOPLIST_FILE = "Coffee-Brew-Info.plist";
				INFOPLIST_KEY_LSApplicationCategoryType = "";
				"INFOPLIST_KEY_UIApplicationSceneManifest_Generation[sdk=iphoneos*]" = YES;
				"INFOPLIST_KEY_UIApplicationSceneManifest_Generation[sdk=iphonesimulator*]" = YES;
				"INFOPLIST_KEY_UIApplicationSupportsIndirectInputEvents[sdk=iphoneos*]" = YES;
				"INFOPLIST_KEY_UIApplicationSupportsIndirectInputEvents[sdk=iphonesimulator*]" = YES;
				"INFOPLIST_KEY_UILaunchScreen_Generation[sdk=iphoneos*]" = YES;
				"INFOPLIST_KEY_UILaunchScreen_Generation[sdk=iphonesimulator*]" = YES;
				"INFOPLIST_KEY_UIStatusBarStyle[sdk=iphoneos*]" = UIStatusBarStyleDefault;
				"INFOPLIST_KEY_UIStatusBarStyle[sdk=iphonesimulator*]" = UIStatusBarStyleDefault;
				INFOPLIST_KEY_UISupportedInterfaceOrientations_iPad = "UIInterfaceOrientationPortrait UIInterfaceOrientationPortraitUpsideDown UIInterfaceOrientationLandscapeLeft UIInterfaceOrientationLandscapeRight";
				IPHONEOS_DEPLOYMENT_TARGET = 16.4;
				LD_RUNPATH_SEARCH_PATHS = "@executable_path/Frameworks";
				"LD_RUNPATH_SEARCH_PATHS[sdk=macosx*]" = "@executable_path/../Frameworks";
				MACOSX_DEPLOYMENT_TARGET = 13.3;
				MARKETING_VERSION = 1.0;
				PRODUCT_BUNDLE_IDENTIFIER = "EliId.Coffee-Brew";
				PRODUCT_NAME = "$(TARGET_NAME)";
				SDKROOT = auto;
				SUPPORTED_PLATFORMS = "iphoneos iphonesimulator macosx";
				SWIFT_EMIT_LOC_STRINGS = YES;
				SWIFT_VERSION = 5.0;
				TARGETED_DEVICE_FAMILY = "1,2";
			};
			name = Release;
		};
/* End XCBuildConfiguration section */

/* Begin XCConfigurationList section */
		E4941F942A630BC700AAA6A4 /* Build configuration list for PBXProject "Coffee Brew" */ = {
			isa = XCConfigurationList;
			buildConfigurations = (
				E4941FA62A630BC800AAA6A4 /* Debug */,
				E4941FA72A630BC800AAA6A4 /* Release */,
			);
			defaultConfigurationIsVisible = 0;
			defaultConfigurationName = Release;
		};
		E4941FA82A630BC800AAA6A4 /* Build configuration list for PBXNativeTarget "Coffee Brew" */ = {
			isa = XCConfigurationList;
			buildConfigurations = (
				E4941FA92A630BC800AAA6A4 /* Debug */,
				E4941FAA2A630BC800AAA6A4 /* Release */,
			);
			defaultConfigurationIsVisible = 0;
			defaultConfigurationName = Release;
		};
/* End XCConfigurationList section */
	};
	rootObject = E4941F912A630BC700AAA6A4 /* Project object */;
}
